
Microsoft Visual Studio Solution File, Format Version 12.00
# Visual Studio 15
VisualStudioVersion = 15.0.28010.2036
MinimumVisualStudioVersion = 10.0.40219.1
Project("{FAE04EC0-301F-11D3-BF4B-00C04F79EFBC}") = "Lab W1", "Lab W1\Lab W1.csproj", "{3F74238E-CC47-459B-9014-8053DC1FB279}"
EndProject
Global
	GlobalSection(SolutionConfigurationPlatforms) = preSolution
		Debug|Any CPU = Debug|Any CPU
		Release|Any CPU = Release|Any CPU
	EndGlobalSection
	GlobalSection(ProjectConfigurationPlatforms) = postSolution
		{3F74238E-CC47-459B-9014-8053DC1FB279}.Debug|Any CPU.ActiveCfg = Debug|Any CPU
		{3F74238E-CC47-459B-9014-8053DC1FB279}.Debug|Any CPU.Build.0 = Debug|Any CPU
		{3F74238E-CC47-459B-9014-8053DC1FB279}.Release|Any CPU.ActiveCfg = Release|Any CPU
		{3F74238E-CC47-459B-9014-8053DC1FB279}.Release|Any CPU.Build.0 = Release|Any CPU
	EndGlobalSection
	GlobalSection(SolutionProperties) = preSolution
		HideSolutionNode = FALSE
	EndGlobalSection
	GlobalSection(ExtensibilityGlobals) = postSolution
		SolutionGuid = {375AB551-46AC-4B9A-9C38-6078D8FE99AF}
	EndGlobalSection
EndGlobal
